
Microsoft Visual Studio Solution File, Format Version 12.00
# Visual Studio 2013
VisualStudioVersion = 12.0.21005.1
MinimumVisualStudioVersion = 10.0.40219.1
Project("{8BC9CEB8-8B4A-11D0-8D11-00A0C91BC942}") = "Snakes", "Snakes\Snakes.vcxproj", "{B12702AD-ABFB-343A-A199-8E24837244A3}"
EndProject
Project("{8BC9CEB8-8B4A-11D0-8D11-00A0C91BC942}") = "PythonEmbedd", "PythonEmbedd\PythonEmbedd.vcxproj", "{9991AFDD-9D9C-49C4-963A-1EEC0EB0FFA4}"
EndProject
Project("{8BC9CEB8-8B4A-11D0-8D11-00A0C91BC942}") = "Kutfa", "Kutfa\Kutfa.vcxproj", "{53616983-8114-4892-B0BD-9FA48CE7CC3F}"
EndProject
Global
	GlobalSection(SolutionConfigurationPlatforms) = preSolution
		Debug|Mixed Platforms = Debug|Mixed Platforms
		Debug|Win32 = Debug|Win32
		Debug|x64 = Debug|x64
		Release|Mixed Platforms = Release|Mixed Platforms
		Release|Win32 = Release|Win32
		Release|x64 = Release|x64
	EndGlobalSection
	GlobalSection(ProjectConfigurationPlatforms) = postSolution
		{B12702AD-ABFB-343A-A199-8E24837244A3}.Debug|Mixed Platforms.ActiveCfg = Debug|Win32
		{B12702AD-ABFB-343A-A199-8E24837244A3}.Debug|Mixed Platforms.Build.0 = Debug|Win32
		{B12702AD-ABFB-343A-A199-8E24837244A3}.Debug|Win32.ActiveCfg = Debug|Win32
		{B12702AD-ABFB-343A-A199-8E24837244A3}.Debug|Win32.Build.0 = Debug|Win32
		{B12702AD-ABFB-343A-A199-8E24837244A3}.Debug|x64.ActiveCfg = Debug|x64
		{B12702AD-ABFB-343A-A199-8E24837244A3}.Debug|x64.Build.0 = Debug|x64
		{B12702AD-ABFB-343A-A199-8E24837244A3}.Release|Mixed Platforms.ActiveCfg = Release|Win32
		{B12702AD-ABFB-343A-A199-8E24837244A3}.Release|Mixed Platforms.Build.0 = Release|Win32
		{B12702AD-ABFB-343A-A199-8E24837244A3}.Release|Win32.ActiveCfg = Release|Win32
		{B12702AD-ABFB-343A-A199-8E24837244A3}.Release|Win32.Build.0 = Release|Win32
		{B12702AD-ABFB-343A-A199-8E24837244A3}.Release|x64.ActiveCfg = Release|x64
		{B12702AD-ABFB-343A-A199-8E24837244A3}.Release|x64.Build.0 = Release|x64
		{9991AFDD-9D9C-49C4-963A-1EEC0EB0FFA4}.Debug|Mixed Platforms.ActiveCfg = Debug|Win32
		{9991AFDD-9D9C-49C4-963A-1EEC0EB0FFA4}.Debug|Mixed Platforms.Build.0 = Debug|Win32
		{9991AFDD-9D9C-49C4-963A-1EEC0EB0FFA4}.Debug|Win32.ActiveCfg = Debug|Win32
		{9991AFDD-9D9C-49C4-963A-1EEC0EB0FFA4}.Debug|Win32.Build.0 = Debug|Win32
		{9991AFDD-9D9C-49C4-963A-1EEC0EB0FFA4}.Debug|x64.ActiveCfg = Debug|Win32
		{9991AFDD-9D9C-49C4-963A-1EEC0EB0FFA4}.Debug|x64.Build.0 = Debug|Win32
		{9991AFDD-9D9C-49C4-963A-1EEC0EB0FFA4}.Release|Mixed Platforms.ActiveCfg = Release|Win32
		{9991AFDD-9D9C-49C4-963A-1EEC0EB0FFA4}.Release|Mixed Platforms.Build.0 = Release|Win32
		{9991AFDD-9D9C-49C4-963A-1EEC0EB0FFA4}.Release|Win32.ActiveCfg = Release|Win32
		{9991AFDD-9D9C-49C4-963A-1EEC0EB0FFA4}.Release|Win32.Build.0 = Release|Win32
		{9991AFDD-9D9C-49C4-963A-1EEC0EB0FFA4}.Release|x64.ActiveCfg = Release|Win32
		{53616983-8114-4892-B0BD-9FA48CE7CC3F}.Debug|Mixed Platforms.ActiveCfg = Debug|Win32
		{53616983-8114-4892-B0BD-9FA48CE7CC3F}.Debug|Mixed Platforms.Build.0 = Debug|Win32
		{53616983-8114-4892-B0BD-9FA48CE7CC3F}.Debug|Win32.ActiveCfg = Debug|Win32
		{53616983-8114-4892-B0BD-9FA48CE7CC3F}.Debug|Win32.Build.0 = Debug|Win32
		{53616983-8114-4892-B0BD-9FA48CE7CC3F}.Debug|x64.ActiveCfg = Debug|Win32
		{53616983-8114-4892-B0BD-9FA48CE7CC3F}.Debug|x64.Build.0 = Debug|Win32
		{53616983-8114-4892-B0BD-9FA48CE7CC3F}.Release|Mixed Platforms.ActiveCfg = Release|Win32
		{53616983-8114-4892-B0BD-9FA48CE7CC3F}.Release|Mixed Platforms.Build.0 = Release|Win32
		{53616983-8114-4892-B0BD-9FA48CE7CC3F}.Release|Win32.ActiveCfg = Release|Win32
		{53616983-8114-4892-B0BD-9FA48CE7CC3F}.Release|Win32.Build.0 = Release|Win32
		{53616983-8114-4892-B0BD-9FA48CE7CC3F}.Release|x64.ActiveCfg = Release|Win32
	EndGlobalSection
	GlobalSection(SolutionProperties) = preSolution
		HideSolutionNode = FALSE
	EndGlobalSection
EndGlobal
